
Microsoft Visual Studio Solution File, Format Version 12.00
Project("{FAE04EC0-301F-11D3-BF4B-00C04F79EFBC}") = "Palindrome", "Palindrome\Palindrome.csproj", "{0E224F41-385B-465C-A067-89B0DB857142}"
EndProject
Project("{FAE04EC0-301F-11D3-BF4B-00C04F79EFBC}") = "Matrix", "Matrix\Matrix.csproj", "{727826E2-D036-4815-B14B-21006FA9C998}"
EndProject
Global
	GlobalSection(SolutionConfigurationPlatforms) = preSolution
		Debug|Any CPU = Debug|Any CPU
		Release|Any CPU = Release|Any CPU
	EndGlobalSection
	GlobalSection(ProjectConfigurationPlatforms) = postSolution
		{0E224F41-385B-465C-A067-89B0DB857142}.Debug|Any CPU.ActiveCfg = Debug|Any CPU
		{0E224F41-385B-465C-A067-89B0DB857142}.Debug|Any CPU.Build.0 = Debug|Any CPU
		{0E224F41-385B-465C-A067-89B0DB857142}.Release|Any CPU.ActiveCfg = Release|Any CPU
		{0E224F41-385B-465C-A067-89B0DB857142}.Release|Any CPU.Build.0 = Release|Any CPU
		{727826E2-D036-4815-B14B-21006FA9C998}.Debug|Any CPU.ActiveCfg = Debug|Any CPU
		{727826E2-D036-4815-B14B-21006FA9C998}.Debug|Any CPU.Build.0 = Debug|Any CPU
		{727826E2-D036-4815-B14B-21006FA9C998}.Release|Any CPU.ActiveCfg = Release|Any CPU
		{727826E2-D036-4815-B14B-21006FA9C998}.Release|Any CPU.Build.0 = Release|Any CPU
	EndGlobalSection
EndGlobal
